{
  "originHash" : "3b6570bfc36df7c01ffcaee18fb315ae8020e399f0a4fde6aa4b9e7ecba9b411",
  "pins" : [
    {
      "identity" : "menubarextraaccess",
      "kind" : "remoteSourceControl",
      "location" : "https://github.com/orchetect/MenuBarExtraAccess",
      "state" : {
        "revision" : "9ff6cbb0ba373527a19832a0791cea4a41ad7a6f",
        "version" : "1.1.3"
      }
    }
  ],
  "version" : 3
}
